// !$*UTF8*$!
{
	archiveVersion = 1;
	classes = {
	};
	objectVersion = 46;
	objects = {

/* Begin PBXBuildFile section */
		11DF2C2F14A53C9100BAC2BF /* UIKit.framework in Frameworks */ = {isa = PBXBuildFile; fileRef = 11DF2C2E14A53C9100BAC2BF /* UIKit.framework */; };
		11DF2C3114A53C9100BAC2BF /* Foundation.framework in Frameworks */ = {isa = PBXBuildFile; fileRef = 11DF2C3014A53C9100BAC2BF /* Foundation.framework */; };
		11DF2C3314A53C9100BAC2BF /* CoreGraphics.framework in Frameworks */ = {isa = PBXBuildFile; fileRef = 11DF2C3214A53C9100BAC2BF /* CoreGraphics.framework */; };
		11DF2C3914A53C9100BAC2BF /* InfoPlist.strings in Resources */ = {isa = PBXBuildFile; fileRef = 11DF2C3714A53C9100BAC2BF /* InfoPlist.strings */; };
		11DF2C3B14A53C9100BAC2BF /* main.m in Sources */ = {isa = PBXBuildFile; fileRef = 11DF2C3A14A53C9100BAC2BF /* main.m */; };
		11DF2C3F14A53C9100BAC2BF /* AppDelegate.m in Sources */ = {isa = PBXBuildFile; fileRef = 11DF2C3E14A53C9100BAC2BF /* AppDelegate.m */; };
		11DF2C4214A53C9100BAC2BF /* FirstViewController.m in Sources */ = {isa = PBXBuildFile; fileRef = 11DF2C4114A53C9100BAC2BF /* FirstViewController.m */; };
		11DF2C4414A53C9100BAC2BF /* first.png in Resources */ = {isa = PBXBuildFile; fileRef = 11DF2C4314A53C9100BAC2BF /* first.png */; };
		11DF2C4614A53C9100BAC2BF /* first@2x.png in Resources */ = {isa = PBXBuildFile; fileRef = 11DF2C4514A53C9100BAC2BF /* first@2x.png */; };
		11DF2C4914A53C9100BAC2BF /* SecondViewController.m in Sources */ = {isa = PBXBuildFile; fileRef = 11DF2C4814A53C9100BAC2BF /* SecondViewController.m */; };
		11DF2C4B14A53C9100BAC2BF /* second.png in Resources */ = {isa = PBXBuildFile; fileRef = 11DF2C4A14A53C9100BAC2BF /* second.png */; };
		11DF2C4D14A53C9100BAC2BF /* second@2x.png in Resources */ = {isa = PBXBuildFile; fileRef = 11DF2C4C14A53C9100BAC2BF /* second@2x.png */; };
		11DF2C5014A53C9100BAC2BF /* FirstViewController.xib in Resources */ = {isa = PBXBuildFile; fileRef = 11DF2C4E14A53C9100BAC2BF /* FirstViewController.xib */; };
		11DF2C5314A53C9100BAC2BF /* SecondViewController.xib in Resources */ = {isa = PBXBuildFile; fileRef = 11DF2C5114A53C9100BAC2BF /* SecondViewController.xib */; };
/* End PBXBuildFile section */

/* Begin PBXFileReference section */
		11DF2C2A14A53C9100BAC2BF /* Muscled2.app */ = {isa = PBXFileReference; explicitFileType = wrapper.application; includeInIndex = 0; path = Muscled2.app; sourceTree = BUILT_PRODUCTS_DIR; };
		11DF2C2E14A53C9100BAC2BF /* UIKit.framework */ = {isa = PBXFileReference; lastKnownFileType = wrapper.framework; name = UIKit.framework; path = System/Library/Frameworks/UIKit.framework; sourceTree = SDKROOT; };
		11DF2C3014A53C9100BAC2BF /* Foundation.framework */ = {isa = PBXFileReference; lastKnownFileType = wrapper.framework; name = Foundation.framework; path = System/Library/Frameworks/Foundation.framework; sourceTree = SDKROOT; };
		11DF2C3214A53C9100BAC2BF /* CoreGraphics.framework */ = {isa = PBXFileReference; lastKnownFileType = wrapper.framework; name = CoreGraphics.framework; path = System/Library/Frameworks/CoreGraphics.framework; sourceTree = SDKROOT; };
		11DF2C3614A53C9100BAC2BF /* Muscled2-Info.plist */ = {isa = PBXFileReference; path = "Muscled2-Info.plist"; sourceTree = "<group>"; };
		11DF2C3814A53C9100BAC2BF /* en */ = {isa = PBXFileReference; lastKnownFileType = text.plist.strings; name = en; path = en.lproj/InfoPlist.strings; sourceTree = "<group>"; };
		11DF2C3A14A53C9100BAC2BF /* main.m */ = {isa = PBXFileReference; lastKnownFileType = sourcecode.c.objc; path = main.m; sourceTree = "<group>"; };
		11DF2C3C14A53C9100BAC2BF /* Muscled2-Prefix.pch */ = {isa = PBXFileReference; path = "Muscled2-Prefix.pch"; sourceTree = "<group>"; };
		11DF2C3D14A53C9100BAC2BF /* AppDelegate.h */ = {isa = PBXFileReference; path = AppDelegate.h; sourceTree = "<group>"; };
		11DF2C3E14A53C9100BAC2BF /* AppDelegate.m */ = {isa = PBXFileReference; lastKnownFileType = sourcecode.c.objc; path = AppDelegate.m; sourceTree = "<group>"; };
		11DF2C4014A53C9100BAC2BF /* FirstViewController.h */ = {isa = PBXFileReference; path = FirstViewController.h; sourceTree = "<group>"; };
		11DF2C4114A53C9100BAC2BF /* FirstViewController.m */ = {isa = PBXFileReference; lastKnownFileType = sourcecode.c.objc; path = FirstViewController.m; sourceTree = "<group>"; };
		11DF2C4314A53C9100BAC2BF /* first.png */ = {isa = PBXFileReference; lastKnownFileType = image.png; path = first.png; sourceTree = "<group>"; };
		11DF2C4514A53C9100BAC2BF /* first@2x.png */ = {isa = PBXFileReference; lastKnownFileType = image.png; path = "first@2x.png"; sourceTree = "<group>"; };
		11DF2C4714A53C9100BAC2BF /* SecondViewController.h */ = {isa = PBXFileReference; path = SecondViewController.h; sourceTree = "<group>"; };
		11DF2C4814A53C9100BAC2BF /* SecondViewController.m */ = {isa = PBXFileReference; lastKnownFileType = sourcecode.c.objc; path = SecondViewController.m; sourceTree = "<group>"; };
		11DF2C4A14A53C9100BAC2BF /* second.png */ = {isa = PBXFileReference; lastKnownFileType = image.png; path = second.png; sourceTree = "<group>"; };
		11DF2C4C14A53C9100BAC2BF /* second@2x.png */ = {isa = PBXFileReference; lastKnownFileType = image.png; path = "second@2x.png"; sourceTree = "<group>"; };
		11DF2C4F14A53C9100BAC2BF /* en */ = {isa = PBXFileReference; lastKnownFileType = file.xib; name = en; path = en.lproj/FirstViewController.xib; sourceTree = "<group>"; };
		11DF2C5214A53C9100BAC2BF /* en */ = {isa = PBXFileReference; lastKnownFileType = file.xib; name = en; path = en.lproj/SecondViewController.xib; sourceTree = "<group>"; };
/* End PBXFileReference section */

/* Begin PBXFrameworksBuildPhase section */
		11DF2C2714A53C9100BAC2BF /* Frameworks */ = {
			isa = PBXFrameworksBuildPhase;
			buildActionMask = 2147483647;
			files = (
				11DF2C2F14A53C9100BAC2BF /* UIKit.framework in Frameworks */,
				11DF2C3114A53C9100BAC2BF /* Foundation.framework in Frameworks */,
				11DF2C3314A53C9100BAC2BF /* CoreGraphics.framework in Frameworks */,
			);
			runOnlyForDeploymentPostprocessing = 0;
		};
/* End PBXFrameworksBuildPhase section */

/* Begin PBXGroup section */
		11DF2C1F14A53C9100BAC2BF = {
			isa = PBXGroup;
			children = (
				11DF2C3414A53C9100BAC2BF /* Muscled2 */,
				11DF2C2D14A53C9100BAC2BF /* Frameworks */,
				11DF2C2B14A53C9100BAC2BF /* Products */,
			);
			sourceTree = "<group>";
		};
		11DF2C2B14A53C9100BAC2BF /* Products */ = {
			isa = PBXGroup;
			children = (
				11DF2C2A14A53C9100BAC2BF /* Muscled2.app */,
			);
			name = Products;
			sourceTree = "<group>";
		};
		11DF2C2D14A53C9100BAC2BF /* Frameworks */ = {
			isa = PBXGroup;
			children = (
				11DF2C2E14A53C9100BAC2BF /* UIKit.framework */,
				11DF2C3014A53C9100BAC2BF /* Foundation.framework */,
				11DF2C3214A53C9100BAC2BF /* CoreGraphics.framework */,
			);
			name = Frameworks;
			sourceTree = "<group>";
		};
		11DF2C3414A53C9100BAC2BF /* Muscled2 */ = {
			isa = PBXGroup;
			children = (
				11DF2C3D14A53C9100BAC2BF /* AppDelegate.h */,
				11DF2C3E14A53C9100BAC2BF /* AppDelegate.m */,
				11DF2C4014A53C9100BAC2BF /* FirstViewController.h */,
				11DF2C4114A53C9100BAC2BF /* FirstViewController.m */,
				11DF2C4314A53C9100BAC2BF /* first.png */,
				11DF2C4514A53C9100BAC2BF /* first@2x.png */,
				11DF2C4714A53C9100BAC2BF /* SecondViewController.h */,
				11DF2C4814A53C9100BAC2BF /* SecondViewController.m */,
				11DF2C4A14A53C9100BAC2BF /* second.png */,
				11DF2C4C14A53C9100BAC2BF /* second@2x.png */,
				11DF2C4E14A53C9100BAC2BF /* FirstViewController.xib */,
				11DF2C5114A53C9100BAC2BF /* SecondViewController.xib */,
				11DF2C3514A53C9100BAC2BF /* Supporting Files */,
			);
			path = Muscled2;
			sourceTree = "<group>";
		};
		11DF2C3514A53C9100BAC2BF /* Supporting Files */ = {
			isa = PBXGroup;
			children = (
				11DF2C3614A53C9100BAC2BF /* Muscled2-Info.plist */,
				11DF2C3714A53C9100BAC2BF /* InfoPlist.strings */,
				11DF2C3A14A53C9100BAC2BF /* main.m */,
				11DF2C3C14A53C9100BAC2BF /* Muscled2-Prefix.pch */,
			);
			name = "Supporting Files";
			sourceTree = "<group>";
		};
/* End PBXGroup section */

/* Begin PBXNativeTarget section */
		11DF2C2914A53C9100BAC2BF /* Muscled2 */ = {
			isa = PBXNativeTarget;
			buildConfigurationList = 11DF2C5614A53C9100BAC2BF /* Build configuration list for PBXNativeTarget "Muscled2" */;
			buildPhases = (
				11DF2C2614A53C9100BAC2BF /* Sources */,
				11DF2C2714A53C9100BAC2BF /* Frameworks */,
				11DF2C2814A53C9100BAC2BF /* Resources */,
			);
			buildRules = (
			);
			dependencies = (
			);
			name = Muscled2;
			productName = Muscled2;
			productReference = 11DF2C2A14A53C9100BAC2BF /* Muscled2.app */;
			productType = "com.apple.product-type.application";
		};
/* End PBXNativeTarget section */

/* Begin PBXProject section */
		11DF2C2114A53C9100BAC2BF /* Project object */ = {
			isa = PBXProject;
			attributes = {
				LastUpgradeCheck = 0420;
			};
			buildConfigurationList = 11DF2C2414A53C9100BAC2BF /* Build configuration list for PBXProject "Muscled2" */;
			compatibilityVersion = "Xcode 3.2";
			developmentRegion = English;
			hasScannedForEncodings = 0;
			knownRegions = (
				en,
			);
			mainGroup = 11DF2C1F14A53C9100BAC2BF;
			productRefGroup = 11DF2C2B14A53C9100BAC2BF /* Products */;
			projectDirPath = "";
			projectRoot = "";
			targets = (
				11DF2C2914A53C9100BAC2BF /* Muscled2 */,
			);
		};
/* End PBXProject section */

/* Begin PBXResourcesBuildPhase section */
		11DF2C2814A53C9100BAC2BF /* Resources */ = {
			isa = PBXResourcesBuildPhase;
			buildActionMask = 2147483647;
			files = (
				11DF2C3914A53C9100BAC2BF /* InfoPlist.strings in Resources */,
				11DF2C4414A53C9100BAC2BF /* first.png in Resources */,
				11DF2C4614A53C9100BAC2BF /* first@2x.png in Resources */,
				11DF2C4B14A53C9100BAC2BF /* second.png in Resources */,
				11DF2C4D14A53C9100BAC2BF /* second@2x.png in Resources */,
				11DF2C5014A53C9100BAC2BF /* FirstViewController.xib in Resources */,
				11DF2C5314A53C9100BAC2BF /* SecondViewController.xib in Resources */,
			);
			runOnlyForDeploymentPostprocessing = 0;
		};
/* End PBXResourcesBuildPhase section */

/* Begin PBXSourcesBuildPhase section */
		11DF2C2614A53C9100BAC2BF /* Sources */ = {
			isa = PBXSourcesBuildPhase;
			buildActionMask = 2147483647;
			files = (
				11DF2C3B14A53C9100BAC2BF /* main.m in Sources */,
				11DF2C3F14A53C9100BAC2BF /* AppDelegate.m in Sources */,
				11DF2C4214A53C9100BAC2BF /* FirstViewController.m in Sources */,
				11DF2C4914A53C9100BAC2BF /* SecondViewController.m in Sources */,
			);
			runOnlyForDeploymentPostprocessing = 0;
		};
/* End PBXSourcesBuildPhase section */

/* Begin PBXVariantGroup section */
		11DF2C3714A53C9100BAC2BF /* InfoPlist.strings */ = {
			isa = PBXVariantGroup;
			children = (
				11DF2C3814A53C9100BAC2BF /* en */,
			);
			name = InfoPlist.strings;
			sourceTree = "<group>";
		};
		11DF2C4E14A53C9100BAC2BF /* FirstViewController.xib */ = {
			isa = PBXVariantGroup;
			children = (
				11DF2C4F14A53C9100BAC2BF /* en */,
			);
			name = FirstViewController.xib;
			sourceTree = "<group>";
		};
		11DF2C5114A53C9100BAC2BF /* SecondViewController.xib */ = {
			isa = PBXVariantGroup;
			children = (
				11DF2C5214A53C9100BAC2BF /* en */,
			);
			name = SecondViewController.xib;
			sourceTree = "<group>";
		};
/* End PBXVariantGroup section */

/* Begin XCBuildConfiguration section */
		11DF2C5414A53C9100BAC2BF /* Debug */ = {
			isa = XCBuildConfiguration;
			buildSettings = {
				ALWAYS_SEARCH_USER_PATHS = NO;
				ARCHS = "$(ARCHS_STANDARD_32_BIT)";
				"CODE_SIGN_IDENTITY[sdk=iphoneos*]" = "iPhone Developer";
				COPY_PHASE_STRIP = NO;
				GCC_C_LANGUAGE_STANDARD = gnu99;
				GCC_DYNAMIC_NO_PIC = NO;
				GCC_OPTIMIZATION_LEVEL = 0;
				GCC_PREPROCESSOR_DEFINITIONS = (
					"DEBUG=1",
					"$(inherited)",
				);
				GCC_SYMBOLS_PRIVATE_EXTERN = NO;
				GCC_VERSION = com.apple.compilers.llvm.clang.1_0;
				GCC_WARN_ABOUT_MISSING_PROTOTYPES = YES;
				GCC_WARN_ABOUT_RETURN_TYPE = YES;
				GCC_WARN_UNUSED_VARIABLE = YES;
				IPHONEOS_DEPLOYMENT_TARGET = 5.0;
				SDKROOT = iphoneos;
			};
			name = Debug;
		};
		11DF2C5514A53C9100BAC2BF /* Release */ = {
			isa = XCBuildConfiguration;
			buildSettings = {
				ALWAYS_SEARCH_USER_PATHS = NO;
				ARCHS = "$(ARCHS_STANDARD_32_BIT)";
				"CODE_SIGN_IDENTITY[sdk=iphoneos*]" = "iPhone Developer";
				COPY_PHASE_STRIP = YES;
				GCC_C_LANGUAGE_STANDARD = gnu99;
				GCC_VERSION = com.apple.compilers.llvm.clang.1_0;
				GCC_WARN_ABOUT_MISSING_PROTOTYPES = YES;
				GCC_WARN_ABOUT_RETURN_TYPE = YES;
				GCC_WARN_UNUSED_VARIABLE = YES;
				IPHONEOS_DEPLOYMENT_TARGET = 5.0;
				OTHER_CFLAGS = "-DNS_BLOCK_ASSERTIONS=1";
				SDKROOT = iphoneos;
				VALIDATE_PRODUCT = YES;
			};
			name = Release;
		};
		11DF2C5714A53C9100BAC2BF /* Debug */ = {
			isa = XCBuildConfiguration;
			buildSettings = {
				GCC_PRECOMPILE_PREFIX_HEADER = YES;
				GCC_PREFIX_HEADER = "Muscled2/Muscled2-Prefix.pch";
				INFOPLIST_FILE = "Muscled2/Muscled2-Info.plist";
				PRODUCT_NAME = "$(TARGET_NAME)";
				WRAPPER_EXTENSION = app;
			};
			name = Debug;
		};
		11DF2C5814A53C9100BAC2BF /* Release */ = {
			isa = XCBuildConfiguration;
			buildSettings = {
				GCC_PRECOMPILE_PREFIX_HEADER = YES;
				GCC_PREFIX_HEADER = "Muscled2/Muscled2-Prefix.pch";
				INFOPLIST_FILE = "Muscled2/Muscled2-Info.plist";
				PRODUCT_NAME = "$(TARGET_NAME)";
				WRAPPER_EXTENSION = app;
			};
			name = Release;
		};
/* End XCBuildConfiguration section */

/* Begin XCConfigurationList section */
		11DF2C2414A53C9100BAC2BF /* Build configuration list for PBXProject "Muscled2" */ = {
			isa = XCConfigurationList;
			buildConfigurations = (
				11DF2C5414A53C9100BAC2BF /* Debug */,
				11DF2C5514A53C9100BAC2BF /* Release */,
			);
			defaultConfigurationIsVisible = 0;
			defaultConfigurationName = Release;
		};
		11DF2C5614A53C9100BAC2BF /* Build configuration list for PBXNativeTarget "Muscled2" */ = {
			isa = XCConfigurationList;
			buildConfigurations = (
				11DF2C5714A53C9100BAC2BF /* Debug */,
				11DF2C5814A53C9100BAC2BF /* Release */,
			);
			defaultConfigurationIsVisible = 0;
		};
/* End XCConfigurationList section */
	};
	rootObject = 11DF2C2114A53C9100BAC2BF /* Project object */;
}
